
Microsoft Visual Studio Solution File, Format Version 12.00
# Visual Studio Version 17
VisualStudioVersion = 17.1.32210.238
MinimumVisualStudioVersion = 10.0.40219.1
Project("{FAE04EC0-301F-11D3-BF4B-00C04F79EFBC}") = "zhanghuazhi1029WindowsFormsApp", "zhanghuazhi1029WindowsFormsApp\zhanghuazhi1029WindowsFormsApp.csproj", "{63B2DB5C-6206-4350-861A-D7392B5B4E43}"
EndProject
Global
	GlobalSection(SolutionConfigurationPlatforms) = preSolution
		Debug|Any CPU = Debug|Any CPU
		Release|Any CPU = Release|Any CPU
	EndGlobalSection
	GlobalSection(ProjectConfigurationPlatforms) = postSolution
		{63B2DB5C-6206-4350-861A-D7392B5B4E43}.Debug|Any CPU.ActiveCfg = Debug|Any CPU
		{63B2DB5C-6206-4350-861A-D7392B5B4E43}.Debug|Any CPU.Build.0 = Debug|Any CPU
		{63B2DB5C-6206-4350-861A-D7392B5B4E43}.Release|Any CPU.ActiveCfg = Release|Any CPU
		{63B2DB5C-6206-4350-861A-D7392B5B4E43}.Release|Any CPU.Build.0 = Release|Any CPU
	EndGlobalSection
	GlobalSection(SolutionProperties) = preSolution
		HideSolutionNode = FALSE
	EndGlobalSection
	GlobalSection(ExtensibilityGlobals) = postSolution
		SolutionGuid = {A916BAD9-D417-40D8-8488-0467A1CFCBAD}
	EndGlobalSection
EndGlobal
