
Microsoft Visual Studio Solution File, Format Version 12.00
# Visual Studio Version 17
VisualStudioVersion = 17.1.32210.238
MinimumVisualStudioVersion = 10.0.40219.1
Project("{FAE04EC0-301F-11D3-BF4B-00C04F79EFBC}") = "zhanghuazhi-1029AllLabApp", "zhanghuazhi-1029AllLabApp\zhanghuazhi-1029AllLabApp.csproj", "{DB05F33D-85D8-483A-94F4-4E8216CA7097}"
EndProject
Project("{FAE04EC0-301F-11D3-BF4B-00C04F79EFBC}") = "LabAss2", "LabAss2\LabAss2.csproj", "{398CAE1D-B934-4F1E-9380-6E8A12DF3BE9}"
EndProject
Project("{FAE04EC0-301F-11D3-BF4B-00C04F79EFBC}") = "LabAss3", "LabAss3\LabAss3.csproj", "{13B255A7-ACFD-4CEC-AD47-D6ACEE6666CB}"
EndProject
Project("{2150E333-8FDC-42A3-9474-1A3956D46DE8}") = "Solution Items", "Solution Items", "{59B1ED35-160B-4C6C-A7E8-A840C1B8787B}"
EndProject
Project("{FAE04EC0-301F-11D3-BF4B-00C04F79EFBC}") = "LabAss4", "LabAss4\LabAss4.csproj", "{224ACB92-FB2C-48E4-A553-436598071186}"
EndProject
Project("{FAE04EC0-301F-11D3-BF4B-00C04F79EFBC}") = "LabAss5", "LabAss5\LabAss5.csproj", "{95157278-1F44-4B24-9AAB-E7DC0F0462AD}"
EndProject
Global
	GlobalSection(SolutionConfigurationPlatforms) = preSolution
		Debug|Any CPU = Debug|Any CPU
		Release|Any CPU = Release|Any CPU
	EndGlobalSection
	GlobalSection(ProjectConfigurationPlatforms) = postSolution
		{DB05F33D-85D8-483A-94F4-4E8216CA7097}.Debug|Any CPU.ActiveCfg = Debug|Any CPU
		{DB05F33D-85D8-483A-94F4-4E8216CA7097}.Debug|Any CPU.Build.0 = Debug|Any CPU
		{DB05F33D-85D8-483A-94F4-4E8216CA7097}.Release|Any CPU.ActiveCfg = Release|Any CPU
		{DB05F33D-85D8-483A-94F4-4E8216CA7097}.Release|Any CPU.Build.0 = Release|Any CPU
		{398CAE1D-B934-4F1E-9380-6E8A12DF3BE9}.Debug|Any CPU.ActiveCfg = Debug|Any CPU
		{398CAE1D-B934-4F1E-9380-6E8A12DF3BE9}.Debug|Any CPU.Build.0 = Debug|Any CPU
		{398CAE1D-B934-4F1E-9380-6E8A12DF3BE9}.Release|Any CPU.ActiveCfg = Release|Any CPU
		{398CAE1D-B934-4F1E-9380-6E8A12DF3BE9}.Release|Any CPU.Build.0 = Release|Any CPU
		{13B255A7-ACFD-4CEC-AD47-D6ACEE6666CB}.Debug|Any CPU.ActiveCfg = Debug|Any CPU
		{13B255A7-ACFD-4CEC-AD47-D6ACEE6666CB}.Debug|Any CPU.Build.0 = Debug|Any CPU
		{13B255A7-ACFD-4CEC-AD47-D6ACEE6666CB}.Release|Any CPU.ActiveCfg = Release|Any CPU
		{13B255A7-ACFD-4CEC-AD47-D6ACEE6666CB}.Release|Any CPU.Build.0 = Release|Any CPU
		{224ACB92-FB2C-48E4-A553-436598071186}.Debug|Any CPU.ActiveCfg = Debug|Any CPU
		{224ACB92-FB2C-48E4-A553-436598071186}.Debug|Any CPU.Build.0 = Debug|Any CPU
		{224ACB92-FB2C-48E4-A553-436598071186}.Release|Any CPU.ActiveCfg = Release|Any CPU
		{224ACB92-FB2C-48E4-A553-436598071186}.Release|Any CPU.Build.0 = Release|Any CPU
		{95157278-1F44-4B24-9AAB-E7DC0F0462AD}.Debug|Any CPU.ActiveCfg = Debug|Any CPU
		{95157278-1F44-4B24-9AAB-E7DC0F0462AD}.Debug|Any CPU.Build.0 = Debug|Any CPU
		{95157278-1F44-4B24-9AAB-E7DC0F0462AD}.Release|Any CPU.ActiveCfg = Release|Any CPU
		{95157278-1F44-4B24-9AAB-E7DC0F0462AD}.Release|Any CPU.Build.0 = Release|Any CPU
	EndGlobalSection
	GlobalSection(SolutionProperties) = preSolution
		HideSolutionNode = FALSE
	EndGlobalSection
	GlobalSection(ExtensibilityGlobals) = postSolution
		SolutionGuid = {D990242F-674B-4CA6-8BD3-4F2CB04B4BF5}
	EndGlobalSection
EndGlobal
